# This file was autogenerated by Stack.
# You should not edit this file by hand.
# For more information, please see the documentation at:
#   https://docs.haskellstack.org/en/stable/lock_files

packages:
- completed:
    hackage: vulkan-3.26.1@sha256:74209384b562b5b1483b25243e82999f9d55de23b0c574df08495768c3a7ea12,33611
    pantry-tree:
      sha256: 70c7685a9d8b290fc9dc931fb012f4d0c44ee6fd987f7b796eccbccde5237d2f
      size: 93277
  original:
    hackage: vulkan-3.26.1
- completed:
    hackage: vulkan-utils-0.5.10.6@sha256:8ee8450d48f7ed4ba6baed20d33f28daae1a14a4f77e610f9dd4875a6b290576,3968
    pantry-tree:
      sha256: 1c76f0d0cbe43030ec01b71bb52af63a7afba79c8e2863997c71d97013d32107
      size: 2226
  original:
    hackage: vulkan-utils-0.5.10.6
snapshots:
- completed:
    sha256: 7d4b649cf368f9076d8aa049aa44efe58950971d105892734e9957b2a26a2186
    size: 640060
    url: https://raw.githubusercontent.com/commercialhaskell/stackage-snapshots/master/lts/21/21.yaml
  original: lts-21.21
