# This file was autogenerated by Stack.
# You should not edit this file by hand.
# For more information, please see the documentation at:
#   https://docs.haskellstack.org/en/stable/topics/lock_files

packages:
- completed:
    hackage: vulkan-3.26.1@sha256:74209384b562b5b1483b25243e82999f9d55de23b0c574df08495768c3a7ea12,33611
    pantry-tree:
      sha256: 70c7685a9d8b290fc9dc931fb012f4d0c44ee6fd987f7b796eccbccde5237d2f
      size: 93277
  original:
    hackage: vulkan-3.26.1
- completed:
    hackage: VulkanMemoryAllocator-0.11.0.1@sha256:8c3cbf3679dacbcf364a0775377e50599690ff2c25063e1d64a6be7135b72740,3465
    pantry-tree:
      sha256: f2ac833380a037d44c508b4a3e70c295bbc494534976c49076fa7123776e3b3b
      size: 528
  original:
    hackage: VulkanMemoryAllocator-0.11.0.1
- completed:
    hackage: geomancy-0.2.6.0@sha256:5b47feb19c1ff051a3b1f4feefbc03c09fc6585f89e3b69d6f3b47ad15253dc4,2332
    pantry-tree:
      sha256: f49f523550c6ff94f1da2b9cebe6b6d50be1c67f84d4628c5743432ae9216a84
      size: 1881
  original:
    hackage: geomancy-0.2.6.0
- completed:
    hackage: gl-block-1.0@sha256:4b098e98a8c8b566cb583c6c105eeafe6be80f7f4a0f687f4d8781841acce8e4,1762
    pantry-tree:
      sha256: 61ba9f777adda84168a9cf888b474438d81ca877fdabb4a2473b047ac6719085
      size: 546
  original:
    hackage: gl-block-1.0
- completed:
    hackage: ptrdiff-0@sha256:0aef162233f5dcf64bd6993e4df4769c31df693e0002c797fb06998df2fae10e,843
    pantry-tree:
      sha256: 44b24db00ca60d3c64c36720dbbb41ae212c4e587c51ad077395a788e63ff1f9
      size: 272
  original:
    hackage: ptrdiff-0
snapshots:
- completed:
    sha256: 238fa745b64f91184f9aa518fe04bdde6552533d169b0da5256670df83a0f1a9
    size: 721141
    url: https://raw.githubusercontent.com/commercialhaskell/stackage-snapshots/master/lts/22/44.yaml
  original: lts-22.44
